// !$*UTF8*$!
{
	archiveVersion = 1;
	classes = {
	};
	objectVersion = 46;
	objects = {

/* Begin PBXBuildFile section */
		AE0E1EFA1B86371700A20E07 /* KeyChainService.swift in Sources */ = {isa = PBXBuildFile; fileRef = AE0E1EF91B86371700A20E07 /* KeyChainService.swift */; };
		AE10B2A91B86F06C00BCA2D7 /* Users.swift in Sources */ = {isa = PBXBuildFile; fileRef = AE10B2A81B86F06C00BCA2D7 /* Users.swift */; };
		AE1D567C1B84CC2500E22404 /* AuthServices.swift in Sources */ = {isa = PBXBuildFile; fileRef = AE1D567B1B84CC2500E22404 /* AuthServices.swift */; };
		AE1D567E1B84CD2000E22404 /* Taylor.swift in Sources */ = {isa = PBXBuildFile; fileRef = AE1D567D1B84CD2000E22404 /* Taylor.swift */; };
		AE1D56801B85026800E22404 /* TableViewCell.swift in Sources */ = {isa = PBXBuildFile; fileRef = AE1D567F1B85026800E22404 /* TableViewCell.swift */; };
		AE267F541B82FBEA00309A37 /* AppDelegate.swift in Sources */ = {isa = PBXBuildFile; fileRef = AE267F531B82FBEA00309A37 /* AppDelegate.swift */; };
		AE267F591B82FBEA00309A37 /* Main.storyboard in Resources */ = {isa = PBXBuildFile; fileRef = AE267F571B82FBEA00309A37 /* Main.storyboard */; };
		AE267F5B1B82FBEA00309A37 /* Images.xcassets in Resources */ = {isa = PBXBuildFile; fileRef = AE267F5A1B82FBEA00309A37 /* Images.xcassets */; };
		AE267F5E1B82FBEA00309A37 /* LaunchScreen.xib in Resources */ = {isa = PBXBuildFile; fileRef = AE267F5C1B82FBEA00309A37 /* LaunchScreen.xib */; };
		AE267F6A1B82FBEA00309A37 /* GitHubAppTests.swift in Sources */ = {isa = PBXBuildFile; fileRef = AE267F691B82FBEA00309A37 /* GitHubAppTests.swift */; };
		AE267F741B8387CD00309A37 /* MenuTableViewController.swift in Sources */ = {isa = PBXBuildFile; fileRef = AE267F731B8387CD00309A37 /* MenuTableViewController.swift */; };
		AE267F7A1B83890200309A37 /* GithubServices.swift in Sources */ = {isa = PBXBuildFile; fileRef = AE267F791B83890200309A37 /* GithubServices.swift */; };
		AE267F7C1B838B1A00309A37 /* RepositoryViewController.swift in Sources */ = {isa = PBXBuildFile; fileRef = AE267F7B1B838B1A00309A37 /* RepositoryViewController.swift */; };
		AE267F821B83959100309A37 /* ViewController.swift in Sources */ = {isa = PBXBuildFile; fileRef = AE267F811B83959100309A37 /* ViewController.swift */; };
		AE32EFC01B839A6E00A5ED46 /* GithubJSONParser.swift in Sources */ = {isa = PBXBuildFile; fileRef = AE32EFBF1B839A6E00A5ED46 /* GithubJSONParser.swift */; };
		AE32EFC21B839B5700A5ED46 /* Repositories.swift in Sources */ = {isa = PBXBuildFile; fileRef = AE32EFC11B839B5700A5ED46 /* Repositories.swift */; };
		AED5EC511B87FD6E009AB96A /* DetailedUserViewController.swift in Sources */ = {isa = PBXBuildFile; fileRef = AED5EC501B87FD6E009AB96A /* DetailedUserViewController.swift */; };
		AEEDB1711B86A3DC00CAF40E /* UserSearchViewController.swift in Sources */ = {isa = PBXBuildFile; fileRef = AEEDB1701B86A3DC00CAF40E /* UserSearchViewController.swift */; };
		AEEDB1731B86A44600CAF40E /* UserCollectionViewCell.swift in Sources */ = {isa = PBXBuildFile; fileRef = AEEDB1721B86A44600CAF40E /* UserCollectionViewCell.swift */; };
		AEF761431B87ABF0000E096E /* ImageResizer.swift in Sources */ = {isa = PBXBuildFile; fileRef = AEF761421B87ABF0000E096E /* ImageResizer.swift */; };
/* End PBXBuildFile section */

/* Begin PBXContainerItemProxy section */
		AE267F641B82FBEA00309A37 /* PBXContainerItemProxy */ = {
			isa = PBXContainerItemProxy;
			containerPortal = AE267F461B82FBEA00309A37 /* Project object */;
			proxyType = 1;
			remoteGlobalIDString = AE267F4D1B82FBEA00309A37;
			remoteInfo = GitHubApp;
		};
/* End PBXContainerItemProxy section */

/* Begin PBXFileReference section */
		AE0E1EF91B86371700A20E07 /* KeyChainService.swift */ = {isa = PBXFileReference; fileEncoding = 4; lastKnownFileType = sourcecode.swift; path = KeyChainService.swift; sourceTree = "<group>"; };
		AE10B2A81B86F06C00BCA2D7 /* Users.swift */ = {isa = PBXFileReference; fileEncoding = 4; lastKnownFileType = sourcecode.swift; path = Users.swift; sourceTree = "<group>"; };
		AE1D567B1B84CC2500E22404 /* AuthServices.swift */ = {isa = PBXFileReference; fileEncoding = 4; lastKnownFileType = sourcecode.swift; path = AuthServices.swift; sourceTree = "<group>"; };
		AE1D567D1B84CD2000E22404 /* Taylor.swift */ = {isa = PBXFileReference; fileEncoding = 4; lastKnownFileType = sourcecode.swift; path = Taylor.swift; sourceTree = "<group>"; };
		AE1D567F1B85026800E22404 /* TableViewCell.swift */ = {isa = PBXFileReference; fileEncoding = 4; lastKnownFileType = sourcecode.swift; path = TableViewCell.swift; sourceTree = "<group>"; };
		AE267F4E1B82FBEA00309A37 /* GitHubApp.app */ = {isa = PBXFileReference; explicitFileType = wrapper.application; includeInIndex = 0; path = GitHubApp.app; sourceTree = BUILT_PRODUCTS_DIR; };
		AE267F521B82FBEA00309A37 /* Info.plist */ = {isa = PBXFileReference; lastKnownFileType = text.plist.xml; path = Info.plist; sourceTree = "<group>"; };
		AE267F531B82FBEA00309A37 /* AppDelegate.swift */ = {isa = PBXFileReference; lastKnownFileType = sourcecode.swift; path = AppDelegate.swift; sourceTree = "<group>"; };
		AE267F581B82FBEA00309A37 /* Base */ = {isa = PBXFileReference; lastKnownFileType = file.storyboard; name = Base; path = Base.lproj/Main.storyboard; sourceTree = "<group>"; };
		AE267F5A1B82FBEA00309A37 /* Images.xcassets */ = {isa = PBXFileReference; lastKnownFileType = folder.assetcatalog; path = Images.xcassets; sourceTree = "<group>"; };
		AE267F5D1B82FBEA00309A37 /* Base */ = {isa = PBXFileReference; lastKnownFileType = file.xib; name = Base; path = Base.lproj/LaunchScreen.xib; sourceTree = "<group>"; };
		AE267F631B82FBEA00309A37 /* GitHubAppTests.xctest */ = {isa = PBXFileReference; explicitFileType = wrapper.cfbundle; includeInIndex = 0; path = GitHubAppTests.xctest; sourceTree = BUILT_PRODUCTS_DIR; };
		AE267F681B82FBEA00309A37 /* Info.plist */ = {isa = PBXFileReference; lastKnownFileType = text.plist.xml; path = Info.plist; sourceTree = "<group>"; };
		AE267F691B82FBEA00309A37 /* GitHubAppTests.swift */ = {isa = PBXFileReference; lastKnownFileType = sourcecode.swift; path = GitHubAppTests.swift; sourceTree = "<group>"; };
		AE267F731B8387CD00309A37 /* MenuTableViewController.swift */ = {isa = PBXFileReference; fileEncoding = 4; lastKnownFileType = sourcecode.swift; path = MenuTableViewController.swift; sourceTree = "<group>"; };
		AE267F791B83890200309A37 /* GithubServices.swift */ = {isa = PBXFileReference; fileEncoding = 4; lastKnownFileType = sourcecode.swift; path = GithubServices.swift; sourceTree = "<group>"; };
		AE267F7B1B838B1A00309A37 /* RepositoryViewController.swift */ = {isa = PBXFileReference; fileEncoding = 4; lastKnownFileType = sourcecode.swift; path = RepositoryViewController.swift; sourceTree = "<group>"; };
		AE267F811B83959100309A37 /* ViewController.swift */ = {isa = PBXFileReference; fileEncoding = 4; lastKnownFileType = sourcecode.swift; path = ViewController.swift; sourceTree = "<group>"; };
		AE32EFBF1B839A6E00A5ED46 /* GithubJSONParser.swift */ = {isa = PBXFileReference; fileEncoding = 4; lastKnownFileType = sourcecode.swift; path = GithubJSONParser.swift; sourceTree = "<group>"; };
		AE32EFC11B839B5700A5ED46 /* Repositories.swift */ = {isa = PBXFileReference; fileEncoding = 4; lastKnownFileType = sourcecode.swift; path = Repositories.swift; sourceTree = "<group>"; };
		AED5EC501B87FD6E009AB96A /* DetailedUserViewController.swift */ = {isa = PBXFileReference; fileEncoding = 4; lastKnownFileType = sourcecode.swift; path = DetailedUserViewController.swift; sourceTree = "<group>"; };
		AEEDB1701B86A3DC00CAF40E /* UserSearchViewController.swift */ = {isa = PBXFileReference; fileEncoding = 4; lastKnownFileType = sourcecode.swift; path = UserSearchViewController.swift; sourceTree = "<group>"; };
		AEEDB1721B86A44600CAF40E /* UserCollectionViewCell.swift */ = {isa = PBXFileReference; fileEncoding = 4; lastKnownFileType = sourcecode.swift; path = UserCollectionViewCell.swift; sourceTree = "<group>"; };
		AEF761421B87ABF0000E096E /* ImageResizer.swift */ = {isa = PBXFileReference; fileEncoding = 4; lastKnownFileType = sourcecode.swift; path = ImageResizer.swift; sourceTree = "<group>"; };
/* End PBXFileReference section */

/* Begin PBXFrameworksBuildPhase section */
		AE267F4B1B82FBEA00309A37 /* Frameworks */ = {
			isa = PBXFrameworksBuildPhase;
			buildActionMask = 2147483647;
			files = (
			);
			runOnlyForDeploymentPostprocessing = 0;
		};
		AE267F601B82FBEA00309A37 /* Frameworks */ = {
			isa = PBXFrameworksBuildPhase;
			buildActionMask = 2147483647;
			files = (
			);
			runOnlyForDeploymentPostprocessing = 0;
		};
/* End PBXFrameworksBuildPhase section */

/* Begin PBXGroup section */
		AE267F451B82FBEA00309A37 = {
			isa = PBXGroup;
			children = (
				AE267F501B82FBEA00309A37 /* GitHubApp */,
				AE267F661B82FBEA00309A37 /* GitHubAppTests */,
				AE267F4F1B82FBEA00309A37 /* Products */,
			);
			sourceTree = "<group>";
		};
		AE267F4F1B82FBEA00309A37 /* Products */ = {
			isa = PBXGroup;
			children = (
				AE267F4E1B82FBEA00309A37 /* GitHubApp.app */,
				AE267F631B82FBEA00309A37 /* GitHubAppTests.xctest */,
			);
			name = Products;
			sourceTree = "<group>";
		};
		AE267F501B82FBEA00309A37 /* GitHubApp */ = {
			isa = PBXGroup;
			children = (
				AE267F531B82FBEA00309A37 /* AppDelegate.swift */,
				AE267F811B83959100309A37 /* ViewController.swift */,
				AE267F571B82FBEA00309A37 /* Main.storyboard */,
				AE32EFBF1B839A6E00A5ED46 /* GithubJSONParser.swift */,
				AEEDB1701B86A3DC00CAF40E /* UserSearchViewController.swift */,
				AE32EFC11B839B5700A5ED46 /* Repositories.swift */,
				AE267F7B1B838B1A00309A37 /* RepositoryViewController.swift */,
				AEF761421B87ABF0000E096E /* ImageResizer.swift */,
				AEEDB1721B86A44600CAF40E /* UserCollectionViewCell.swift */,
				AE1D567F1B85026800E22404 /* TableViewCell.swift */,
				AE10B2A81B86F06C00BCA2D7 /* Users.swift */,
				AE1D567B1B84CC2500E22404 /* AuthServices.swift */,
				AE0E1EF91B86371700A20E07 /* KeyChainService.swift */,
				AED5EC501B87FD6E009AB96A /* DetailedUserViewController.swift */,
				AE267F791B83890200309A37 /* GithubServices.swift */,
				AE267F731B8387CD00309A37 /* MenuTableViewController.swift */,
				AE267F5A1B82FBEA00309A37 /* Images.xcassets */,
				AE267F5C1B82FBEA00309A37 /* LaunchScreen.xib */,
				AE267F511B82FBEA00309A37 /* Supporting Files */,
			);
			path = GitHubApp;
			sourceTree = "<group>";
		};
		AE267F511B82FBEA00309A37 /* Supporting Files */ = {
			isa = PBXGroup;
			children = (
				AE1D567D1B84CD2000E22404 /* Taylor.swift */,
				AE267F521B82FBEA00309A37 /* Info.plist */,
			);
			name = "Supporting Files";
			sourceTree = "<group>";
		};
		AE267F661B82FBEA00309A37 /* GitHubAppTests */ = {
			isa = PBXGroup;
			children = (
				AE267F691B82FBEA00309A37 /* GitHubAppTests.swift */,
				AE267F671B82FBEA00309A37 /* Supporting Files */,
			);
			path = GitHubAppTests;
			sourceTree = "<group>";
		};
		AE267F671B82FBEA00309A37 /* Supporting Files */ = {
			isa = PBXGroup;
			children = (
				AE267F681B82FBEA00309A37 /* Info.plist */,
			);
			name = "Supporting Files";
			sourceTree = "<group>";
		};
/* End PBXGroup section */

/* Begin PBXNativeTarget section */
		AE267F4D1B82FBEA00309A37 /* GitHubApp */ = {
			isa = PBXNativeTarget;
			buildConfigurationList = AE267F6D1B82FBEA00309A37 /* Build configuration list for PBXNativeTarget "GitHubApp" */;
			buildPhases = (
				AE267F4A1B82FBEA00309A37 /* Sources */,
				AE267F4B1B82FBEA00309A37 /* Frameworks */,
				AE267F4C1B82FBEA00309A37 /* Resources */,
			);
			buildRules = (
			);
			dependencies = (
			);
			name = GitHubApp;
			productName = GitHubApp;
			productReference = AE267F4E1B82FBEA00309A37 /* GitHubApp.app */;
			productType = "com.apple.product-type.application";
		};
		AE267F621B82FBEA00309A37 /* GitHubAppTests */ = {
			isa = PBXNativeTarget;
			buildConfigurationList = AE267F701B82FBEA00309A37 /* Build configuration list for PBXNativeTarget "GitHubAppTests" */;
			buildPhases = (
				AE267F5F1B82FBEA00309A37 /* Sources */,
				AE267F601B82FBEA00309A37 /* Frameworks */,
				AE267F611B82FBEA00309A37 /* Resources */,
			);
			buildRules = (
			);
			dependencies = (
				AE267F651B82FBEA00309A37 /* PBXTargetDependency */,
			);
			name = GitHubAppTests;
			productName = GitHubAppTests;
			productReference = AE267F631B82FBEA00309A37 /* GitHubAppTests.xctest */;
			productType = "com.apple.product-type.bundle.unit-test";
		};
/* End PBXNativeTarget section */

/* Begin PBXProject section */
		AE267F461B82FBEA00309A37 /* Project object */ = {
			isa = PBXProject;
			attributes = {
				LastUpgradeCheck = 0640;
				ORGANIZATIONNAME = "Mark Lin";
				TargetAttributes = {
					AE267F4D1B82FBEA00309A37 = {
						CreatedOnToolsVersion = 6.4;
					};
					AE267F621B82FBEA00309A37 = {
						CreatedOnToolsVersion = 6.4;
						TestTargetID = AE267F4D1B82FBEA00309A37;
					};
				};
			};
			buildConfigurationList = AE267F491B82FBEA00309A37 /* Build configuration list for PBXProject "GitHubApp" */;
			compatibilityVersion = "Xcode 3.2";
			developmentRegion = English;
			hasScannedForEncodings = 0;
			knownRegions = (
				en,
				Base,
			);
			mainGroup = AE267F451B82FBEA00309A37;
			productRefGroup = AE267F4F1B82FBEA00309A37 /* Products */;
			projectDirPath = "";
			projectRoot = "";
			targets = (
				AE267F4D1B82FBEA00309A37 /* GitHubApp */,
				AE267F621B82FBEA00309A37 /* GitHubAppTests */,
			);
		};
/* End PBXProject section */

/* Begin PBXResourcesBuildPhase section */
		AE267F4C1B82FBEA00309A37 /* Resources */ = {
			isa = PBXResourcesBuildPhase;
			buildActionMask = 2147483647;
			files = (
				AE267F591B82FBEA00309A37 /* Main.storyboard in Resources */,
				AE267F5E1B82FBEA00309A37 /* LaunchScreen.xib in Resources */,
				AE267F5B1B82FBEA00309A37 /* Images.xcassets in Resources */,
			);
			runOnlyForDeploymentPostprocessing = 0;
		};
		AE267F611B82FBEA00309A37 /* Resources */ = {
			isa = PBXResourcesBuildPhase;
			buildActionMask = 2147483647;
			files = (
			);
			runOnlyForDeploymentPostprocessing = 0;
		};
/* End PBXResourcesBuildPhase section */

/* Begin PBXSourcesBuildPhase section */
		AE267F4A1B82FBEA00309A37 /* Sources */ = {
			isa = PBXSourcesBuildPhase;
			buildActionMask = 2147483647;
			files = (
				AE267F821B83959100309A37 /* ViewController.swift in Sources */,
				AEEDB1711B86A3DC00CAF40E /* UserSearchViewController.swift in Sources */,
				AE267F541B82FBEA00309A37 /* AppDelegate.swift in Sources */,
				AE267F741B8387CD00309A37 /* MenuTableViewController.swift in Sources */,
				AE1D567C1B84CC2500E22404 /* AuthServices.swift in Sources */,
				AE267F7A1B83890200309A37 /* GithubServices.swift in Sources */,
				AE10B2A91B86F06C00BCA2D7 /* Users.swift in Sources */,
				AEF761431B87ABF0000E096E /* ImageResizer.swift in Sources */,
				AE1D56801B85026800E22404 /* TableViewCell.swift in Sources */,
				AE267F7C1B838B1A00309A37 /* RepositoryViewController.swift in Sources */,
				AED5EC511B87FD6E009AB96A /* DetailedUserViewController.swift in Sources */,
				AE0E1EFA1B86371700A20E07 /* KeyChainService.swift in Sources */,
				AE32EFC01B839A6E00A5ED46 /* GithubJSONParser.swift in Sources */,
				AE1D567E1B84CD2000E22404 /* Taylor.swift in Sources */,
				AE32EFC21B839B5700A5ED46 /* Repositories.swift in Sources */,
				AEEDB1731B86A44600CAF40E /* UserCollectionViewCell.swift in Sources */,
			);
			runOnlyForDeploymentPostprocessing = 0;
		};
		AE267F5F1B82FBEA00309A37 /* Sources */ = {
			isa = PBXSourcesBuildPhase;
			buildActionMask = 2147483647;
			files = (
				AE267F6A1B82FBEA00309A37 /* GitHubAppTests.swift in Sources */,
			);
			runOnlyForDeploymentPostprocessing = 0;
		};
/* End PBXSourcesBuildPhase section */

/* Begin PBXTargetDependency section */
		AE267F651B82FBEA00309A37 /* PBXTargetDependency */ = {
			isa = PBXTargetDependency;
			target = AE267F4D1B82FBEA00309A37 /* GitHubApp */;
			targetProxy = AE267F641B82FBEA00309A37 /* PBXContainerItemProxy */;
		};
/* End PBXTargetDependency section */

/* Begin PBXVariantGroup section */
		AE267F571B82FBEA00309A37 /* Main.storyboard */ = {
			isa = PBXVariantGroup;
			children = (
				AE267F581B82FBEA00309A37 /* Base */,
			);
			name = Main.storyboard;
			sourceTree = "<group>";
		};
		AE267F5C1B82FBEA00309A37 /* LaunchScreen.xib */ = {
			isa = PBXVariantGroup;
			children = (
				AE267F5D1B82FBEA00309A37 /* Base */,
			);
			name = LaunchScreen.xib;
			sourceTree = "<group>";
		};
/* End PBXVariantGroup section */

/* Begin XCBuildConfiguration section */
		AE267F6B1B82FBEA00309A37 /* Debug */ = {
			isa = XCBuildConfiguration;
			buildSettings = {
				ALWAYS_SEARCH_USER_PATHS = NO;
				CLANG_CXX_LANGUAGE_STANDARD = "gnu++0x";
				CLANG_CXX_LIBRARY = "libc++";
				CLANG_ENABLE_MODULES = YES;
				CLANG_ENABLE_OBJC_ARC = YES;
				CLANG_WARN_BOOL_CONVERSION = YES;
				CLANG_WARN_CONSTANT_CONVERSION = YES;
				CLANG_WARN_DIRECT_OBJC_ISA_USAGE = YES_ERROR;
				CLANG_WARN_EMPTY_BODY = YES;
				CLANG_WARN_ENUM_CONVERSION = YES;
				CLANG_WARN_INT_CONVERSION = YES;
				CLANG_WARN_OBJC_ROOT_CLASS = YES_ERROR;
				CLANG_WARN_UNREACHABLE_CODE = YES;
				CLANG_WARN__DUPLICATE_METHOD_MATCH = YES;
				"CODE_SIGN_IDENTITY[sdk=iphoneos*]" = "iPhone Developer";
				COPY_PHASE_STRIP = NO;
				DEBUG_INFORMATION_FORMAT = "dwarf-with-dsym";
				ENABLE_STRICT_OBJC_MSGSEND = YES;
				GCC_C_LANGUAGE_STANDARD = gnu99;
				GCC_DYNAMIC_NO_PIC = NO;
				GCC_NO_COMMON_BLOCKS = YES;
				GCC_OPTIMIZATION_LEVEL = 0;
				GCC_PREPROCESSOR_DEFINITIONS = (
					"DEBUG=1",
					"$(inherited)",
				);
				GCC_SYMBOLS_PRIVATE_EXTERN = NO;
				GCC_WARN_64_TO_32_BIT_CONVERSION = YES;
				GCC_WARN_ABOUT_RETURN_TYPE = YES_ERROR;
				GCC_WARN_UNDECLARED_SELECTOR = YES;
				GCC_WARN_UNINITIALIZED_AUTOS = YES_AGGRESSIVE;
				GCC_WARN_UNUSED_FUNCTION = YES;
				GCC_WARN_UNUSED_VARIABLE = YES;
				IPHONEOS_DEPLOYMENT_TARGET = 8.4;
				MTL_ENABLE_DEBUG_INFO = YES;
				ONLY_ACTIVE_ARCH = YES;
				SDKROOT = iphoneos;
				SWIFT_OPTIMIZATION_LEVEL = "-Onone";
				TARGETED_DEVICE_FAMILY = "1,2";
			};
			name = Debug;
		};
		AE267F6C1B82FBEA00309A37 /* Release */ = {
			isa = XCBuildConfiguration;
			buildSettings = {
				ALWAYS_SEARCH_USER_PATHS = NO;
				CLANG_CXX_LANGUAGE_STANDARD = "gnu++0x";
				CLANG_CXX_LIBRARY = "libc++";
				CLANG_ENABLE_MODULES = YES;
				CLANG_ENABLE_OBJC_ARC = YES;
				CLANG_WARN_BOOL_CONVERSION = YES;
				CLANG_WARN_CONSTANT_CONVERSION = YES;
				CLANG_WARN_DIRECT_OBJC_ISA_USAGE = YES_ERROR;
				CLANG_WARN_EMPTY_BODY = YES;
				CLANG_WARN_ENUM_CONVERSION = YES;
				CLANG_WARN_INT_CONVERSION = YES;
				CLANG_WARN_OBJC_ROOT_CLASS = YES_ERROR;
				CLANG_WARN_UNREACHABLE_CODE = YES;
				CLANG_WARN__DUPLICATE_METHOD_MATCH = YES;
				"CODE_SIGN_IDENTITY[sdk=iphoneos*]" = "iPhone Developer";
				COPY_PHASE_STRIP = NO;
				DEBUG_INFORMATION_FORMAT = "dwarf-with-dsym";
				ENABLE_NS_ASSERTIONS = NO;
				ENABLE_STRICT_OBJC_MSGSEND = YES;
				GCC_C_LANGUAGE_STANDARD = gnu99;
				GCC_NO_COMMON_BLOCKS = YES;
				GCC_WARN_64_TO_32_BIT_CONVERSION = YES;
				GCC_WARN_ABOUT_RETURN_TYPE = YES_ERROR;
				GCC_WARN_UNDECLARED_SELECTOR = YES;
				GCC_WARN_UNINITIALIZED_AUTOS = YES_AGGRESSIVE;
				GCC_WARN_UNUSED_FUNCTION = YES;
				GCC_WARN_UNUSED_VARIABLE = YES;
				IPHONEOS_DEPLOYMENT_TARGET = 8.4;
				MTL_ENABLE_DEBUG_INFO = NO;
				SDKROOT = iphoneos;
				TARGETED_DEVICE_FAMILY = "1,2";
				VALIDATE_PRODUCT = YES;
			};
			name = Release;
		};
		AE267F6E1B82FBEA00309A37 /* Debug */ = {
			isa = XCBuildConfiguration;
			buildSettings = {
				ASSETCATALOG_COMPILER_APPICON_NAME = AppIcon;
				INFOPLIST_FILE = GitHubApp/Info.plist;
				LD_RUNPATH_SEARCH_PATHS = "$(inherited) @executable_path/Frameworks";
				PRODUCT_NAME = "$(TARGET_NAME)";
			};
			name = Debug;
		};
		AE267F6F1B82FBEA00309A37 /* Release */ = {
			isa = XCBuildConfiguration;
			buildSettings = {
				ASSETCATALOG_COMPILER_APPICON_NAME = AppIcon;
				INFOPLIST_FILE = GitHubApp/Info.plist;
				LD_RUNPATH_SEARCH_PATHS = "$(inherited) @executable_path/Frameworks";
				PRODUCT_NAME = "$(TARGET_NAME)";
			};
			name = Release;
		};
		AE267F711B82FBEA00309A37 /* Debug */ = {
			isa = XCBuildConfiguration;
			buildSettings = {
				BUNDLE_LOADER = "$(TEST_HOST)";
				FRAMEWORK_SEARCH_PATHS = (
					"$(SDKROOT)/Developer/Library/Frameworks",
					"$(inherited)",
				);
				GCC_PREPROCESSOR_DEFINITIONS = (
					"DEBUG=1",
					"$(inherited)",
				);
				INFOPLIST_FILE = GitHubAppTests/Info.plist;
				LD_RUNPATH_SEARCH_PATHS = "$(inherited) @executable_path/Frameworks @loader_path/Frameworks";
				PRODUCT_NAME = "$(TARGET_NAME)";
				TEST_HOST = "$(BUILT_PRODUCTS_DIR)/GitHubApp.app/GitHubApp";
			};
			name = Debug;
		};
		AE267F721B82FBEA00309A37 /* Release */ = {
			isa = XCBuildConfiguration;
			buildSettings = {
				BUNDLE_LOADER = "$(TEST_HOST)";
				FRAMEWORK_SEARCH_PATHS = (
					"$(SDKROOT)/Developer/Library/Frameworks",
					"$(inherited)",
				);
				INFOPLIST_FILE = GitHubAppTests/Info.plist;
				LD_RUNPATH_SEARCH_PATHS = "$(inherited) @executable_path/Frameworks @loader_path/Frameworks";
				PRODUCT_NAME = "$(TARGET_NAME)";
				TEST_HOST = "$(BUILT_PRODUCTS_DIR)/GitHubApp.app/GitHubApp";
			};
			name = Release;
		};
/* End XCBuildConfiguration section */

/* Begin XCConfigurationList section */
		AE267F491B82FBEA00309A37 /* Build configuration list for PBXProject "GitHubApp" */ = {
			isa = XCConfigurationList;
			buildConfigurations = (
				AE267F6B1B82FBEA00309A37 /* Debug */,
				AE267F6C1B82FBEA00309A37 /* Release */,
			);
			defaultConfigurationIsVisible = 0;
			defaultConfigurationName = Release;
		};
		AE267F6D1B82FBEA00309A37 /* Build configuration list for PBXNativeTarget "GitHubApp" */ = {
			isa = XCConfigurationList;
			buildConfigurations = (
				AE267F6E1B82FBEA00309A37 /* Debug */,
				AE267F6F1B82FBEA00309A37 /* Release */,
			);
			defaultConfigurationIsVisible = 0;
			defaultConfigurationName = Release;
		};
		AE267F701B82FBEA00309A37 /* Build configuration list for PBXNativeTarget "GitHubAppTests" */ = {
			isa = XCConfigurationList;
			buildConfigurations = (
				AE267F711B82FBEA00309A37 /* Debug */,
				AE267F721B82FBEA00309A37 /* Release */,
			);
			defaultConfigurationIsVisible = 0;
			defaultConfigurationName = Release;
		};
/* End XCConfigurationList section */
	};
	rootObject = AE267F461B82FBEA00309A37 /* Project object */;
}
